{
    "hash": "249c3b471ed0f5aedff1f3cdf0ebe077",
    "packages": [
        {
            "name": "wscore/dicontainer",
            "version": "dev-master",
            "source": {
                "type": "git",
                "url": "https://github.com/asaokamei/WScore.DiContainer.git",
                "reference": "00c13b7190bf0521a30a1e3b7c071c2c770a36eb"
            },
            "dist": {
                "type": "zip",
                "url": "https://api.github.com/repos/asaokamei/WScore.DiContainer/zipball/00c13b7190bf0521a30a1e3b7c071c2c770a36eb",
                "reference": "00c13b7190bf0521a30a1e3b7c071c2c770a36eb",
                "shasum": ""
            },
            "type": "library",
            "autoload": {
                "psr-0": {
                    "WScore\\DiContainer": "src/"
                }
            },
            "notification-url": "https://packagist.org/downloads/",
            "authors": [
                {
                    "name": "Asao Kamei",
                    "email": "kamei@workspot.jp"
                }
            ],
            "description": "Simple DI container with auto-wiring.",
            "time": "2013-02-23 00:28:51"
        },
        {
            "name": "wscore/template",
            "version": "dev-master",
            "source": {
                "type": "git",
                "url": "https://github.com/asaokamei/WScore.Template.git",
                "reference": "d9eca0ff132c96e3b2a98c99d2528854b9cc4fc5"
            },
            "dist": {
                "type": "zip",
                "url": "https://api.github.com/repos/asaokamei/WScore.Template/zipball/d9eca0ff132c96e3b2a98c99d2528854b9cc4fc5",
                "reference": "d9eca0ff132c96e3b2a98c99d2528854b9cc4fc5",
                "shasum": ""
            },
            "type": "library",
            "autoload": {
                "psr-0": {
                    "WScore\\Template": "src/"
                }
            },
            "notification-url": "https://packagist.org/downloads/",
            "authors": [
                {
                    "name": "Asao Kamei",
                    "email": "kamei@workspot.jp"
                }
            ],
            "description": "A simple template engine using only PHP.",
            "time": "2013-03-19 06:46:18"
        }
    ],
    "packages-dev": [

    ],
    "aliases": [

    ],
    "minimum-stability": "dev",
    "stability-flags": {
        "wscore/dicontainer": 20,
        "wscore/template": 20
    },
    "platform": [

    ],
    "platform-dev": [

    ]
}
